
Microsoft Visual Studio Solution File, Format Version 12.00
# Visual Studio Version 16
VisualStudioVersion = 16.0.29709.97
MinimumVisualStudioVersion = 10.0.40219.1
Project("{FAE04EC0-301F-11D3-BF4B-00C04F79EFBC}") = "FirstToolWin", "FirstToolWin\FirstToolWin.csproj", "{110D1248-B92A-4758-8EC6-1420077E43FD}"
EndProject
Global
	GlobalSection(SolutionConfigurationPlatforms) = preSolution
		Debug|Any CPU = Debug|Any CPU
		Release|Any CPU = Release|Any CPU
	EndGlobalSection
	GlobalSection(ProjectConfigurationPlatforms) = postSolution
		{110D1248-B92A-4758-8EC6-1420077E43FD}.Debug|Any CPU.ActiveCfg = Debug|Any CPU
		{110D1248-B92A-4758-8EC6-1420077E43FD}.Debug|Any CPU.Build.0 = Debug|Any CPU
		{110D1248-B92A-4758-8EC6-1420077E43FD}.Release|Any CPU.ActiveCfg = Release|Any CPU
		{110D1248-B92A-4758-8EC6-1420077E43FD}.Release|Any CPU.Build.0 = Release|Any CPU
	EndGlobalSection
	GlobalSection(SolutionProperties) = preSolution
		HideSolutionNode = FALSE
	EndGlobalSection
	GlobalSection(ExtensibilityGlobals) = postSolution
		SolutionGuid = {79B051AD-2EB0-44EB-A3FA-83086F173DE0}
	EndGlobalSection
EndGlobal
